
Microsoft Visual Studio Solution File, Format Version 12.00
# Visual Studio Version 17
VisualStudioVersion = 17.14.36414.22 d17.14
MinimumVisualStudioVersion = 10.0.40219.1
Project("{FAE04EC0-301F-11D3-BF4B-00C04F79EFBC}") = "PomodoroTracker", "PomodoroTracker.csproj", "{0C28EA55-E249-6730-2132-2F2735C40F6B}"
EndProject
Global
	GlobalSection(SolutionConfigurationPlatforms) = preSolution
		Debug|Any CPU = Debug|Any CPU
		Release|Any CPU = Release|Any CPU
	EndGlobalSection
	GlobalSection(ProjectConfigurationPlatforms) = postSolution
		{0C28EA55-E249-6730-2132-2F2735C40F6B}.Debug|Any CPU.ActiveCfg = Debug|Any CPU
		{0C28EA55-E249-6730-2132-2F2735C40F6B}.Debug|Any CPU.Build.0 = Debug|Any CPU
		{0C28EA55-E249-6730-2132-2F2735C40F6B}.Release|Any CPU.ActiveCfg = Release|Any CPU
		{0C28EA55-E249-6730-2132-2F2735C40F6B}.Release|Any CPU.Build.0 = Release|Any CPU
	EndGlobalSection
	GlobalSection(SolutionProperties) = preSolution
		HideSolutionNode = FALSE
	EndGlobalSection
	GlobalSection(ExtensibilityGlobals) = postSolution
		SolutionGuid = {49ACB344-C22B-43A6-85A1-666123F049A5}
	EndGlobalSection
EndGlobal
